{
  "name": "bindsql-for-eclipse",
  "lockfileVersion": 3,
  "requires": true,
  "packages": {
    "": {
      "name": "bindsql-for-eclipse",
      "devDependencies": {
        "libpg-query": "15.6.3",
        "prettier": "3.6.2"
      }
    },
    "node_modules/@pgsql/types": {
      "version": "15.1.2",
      "resolved": "https://registry.npmjs.org/@pgsql/types/-/types-15.1.2.tgz",
      "integrity": "sha512-53cGyW69nlKYQuEeP1B14iG9MJyYta3E3+wWfdHj5GKdfHWVJKh0pXOIvLRjPOcZrYaJ3GT5hdlX2V6nxb4XIQ==",
      "dev": true,
      "license": "MIT"
    },
    "node_modules/libpg-query": {
      "version": "15.6.3",
      "resolved": "https://registry.npmjs.org/libpg-query/-/libpg-query-15.6.3.tgz",
      "integrity": "sha512-Hq5c8s5ERcyUahZCsBVJwrNNGCnaJoMOnUOXRR0XJwnQRpjYvmBTUwTgDzlKIXekHdoNHxKheVzwpRTKPnx7Tw==",
      "dev": true,
      "license": "MIT",
      "dependencies": {
        "@pgsql/types": "^15.1.2"
      }
    },
    "node_modules/prettier": {
      "version": "3.6.2",
      "resolved": "https://registry.npmjs.org/prettier/-/prettier-3.6.2.tgz",
      "integrity": "sha512-I7AIg5boAr5R0FFtJ6rCfD+LFsWHp81dolrFD8S79U9tb8Az2nGrJncnMSnys+bpQJfRUzqs9hnA81OAA3hCuQ==",
      "dev": true,
      "license": "MIT",
      "bin": {
        "prettier": "bin/prettier.cjs"
      },
      "engines": {
        "node": ">=14"
      },
      "funding": {
        "url": "https://github.com/prettier/prettier?sponsor=1"
      }
    }
  }
}
